
Microsoft Visual Studio Solution File, Format Version 12.00
# Visual Studio Version 17
VisualStudioVersion = 17.13.35818.85 d17.13
MinimumVisualStudioVersion = 10.0.40219.1
Project("{FAE04EC0-301F-11D3-BF4B-00C04F79EFBC}") = "GameServer", "GameServer.csproj", "{A5C84C28-F35B-404B-8388-46D0E235086A}"
EndProject
Project("{FAE04EC0-301F-11D3-BF4B-00C04F79EFBC}") = "Tests", "..\Tests\Tests.csproj", "{C312B7FA-763D-405A-A0F5-5D972EF31876}"
EndProject
Global
	GlobalSection(SolutionConfigurationPlatforms) = preSolution
		Debug|Any CPU = Debug|Any CPU
		Release|Any CPU = Release|Any CPU
	EndGlobalSection
	GlobalSection(ProjectConfigurationPlatforms) = postSolution
		{A5C84C28-F35B-404B-8388-46D0E235086A}.Debug|Any CPU.ActiveCfg = Debug|Any CPU
		{A5C84C28-F35B-404B-8388-46D0E235086A}.Debug|Any CPU.Build.0 = Debug|Any CPU
		{A5C84C28-F35B-404B-8388-46D0E235086A}.Release|Any CPU.ActiveCfg = Release|Any CPU
		{A5C84C28-F35B-404B-8388-46D0E235086A}.Release|Any CPU.Build.0 = Release|Any CPU
		{C312B7FA-763D-405A-A0F5-5D972EF31876}.Debug|Any CPU.ActiveCfg = Debug|Any CPU
		{C312B7FA-763D-405A-A0F5-5D972EF31876}.Debug|Any CPU.Build.0 = Debug|Any CPU
		{C312B7FA-763D-405A-A0F5-5D972EF31876}.Release|Any CPU.ActiveCfg = Release|Any CPU
		{C312B7FA-763D-405A-A0F5-5D972EF31876}.Release|Any CPU.Build.0 = Release|Any CPU
	EndGlobalSection
	GlobalSection(SolutionProperties) = preSolution
		HideSolutionNode = FALSE
	EndGlobalSection
	GlobalSection(ExtensibilityGlobals) = postSolution
		SolutionGuid = {2FED2B68-F043-4319-8476-227DDFC31FFD}
	EndGlobalSection
EndGlobal
